// !$*UTF8*$!
{
	archiveVersion = 1;
	classes = {
	};
	objectVersion = 50;
	objects = {

/* Begin PBXBuildFile section */
		52F03C9422A1A52500838BD6 /* AppDelegate.swift in Sources */ = {isa = PBXBuildFile; fileRef = 52F03C9322A1A52500838BD6 /* AppDelegate.swift */; };
		52F03C9B22A1A52600838BD6 /* Assets.xcassets in Resources */ = {isa = PBXBuildFile; fileRef = 52F03C9A22A1A52600838BD6 /* Assets.xcassets */; };
		52F03C9E22A1A52600838BD6 /* LaunchScreen.storyboard in Resources */ = {isa = PBXBuildFile; fileRef = 52F03C9C22A1A52600838BD6 /* LaunchScreen.storyboard */; };
		52F03CC122A1B39C00838BD6 /* Storyboard.swift in Sources */ = {isa = PBXBuildFile; fileRef = 52F03CC022A1B39C00838BD6 /* Storyboard.swift */; };
		52F03CC522A1B3F000838BD6 /* AirportsSelectionViewController.swift in Sources */ = {isa = PBXBuildFile; fileRef = 52F03CC422A1B3F000838BD6 /* AirportsSelectionViewController.swift */; };
		52F03CC722A1B40900838BD6 /* AirportSearchViewController.swift in Sources */ = {isa = PBXBuildFile; fileRef = 52F03CC622A1B40900838BD6 /* AirportSearchViewController.swift */; };
		52F03CC922A1B41B00838BD6 /* MapViewController.swift in Sources */ = {isa = PBXBuildFile; fileRef = 52F03CC822A1B41B00838BD6 /* MapViewController.swift */; };
		52F03CCC22A1B4F300838BD6 /* UIStoryboard.swift in Sources */ = {isa = PBXBuildFile; fileRef = 52F03CCB22A1B4F300838BD6 /* UIStoryboard.swift */; };
		52F03CCE22A1B5FE00838BD6 /* Style.swift in Sources */ = {isa = PBXBuildFile; fileRef = 52F03CCD22A1B5FE00838BD6 /* Style.swift */; };
		52F03CD022A1B63500838BD6 /* UIColor.swift in Sources */ = {isa = PBXBuildFile; fileRef = 52F03CCF22A1B63500838BD6 /* UIColor.swift */; };
		52F03CD222A1BBDE00838BD6 /* DependencyInjectionContainer.swift in Sources */ = {isa = PBXBuildFile; fileRef = 52F03CD122A1BBDE00838BD6 /* DependencyInjectionContainer.swift */; };
		52F03CD422A1BC3100838BD6 /* ApplicationConfigurator.swift in Sources */ = {isa = PBXBuildFile; fileRef = 52F03CD322A1BC3100838BD6 /* ApplicationConfigurator.swift */; };
		52F03CD622A1BC6100838BD6 /* Container.swift in Sources */ = {isa = PBXBuildFile; fileRef = 52F03CD522A1BC6100838BD6 /* Container.swift */; };
		52F03CD822A1BCC700838BD6 /* ApplicationCoordinator.swift in Sources */ = {isa = PBXBuildFile; fileRef = 52F03CD722A1BCC700838BD6 /* ApplicationCoordinator.swift */; };
		52F03CDB22A1BF4800838BD6 /* AirportsSelectionCoordinator.swift in Sources */ = {isa = PBXBuildFile; fileRef = 52F03CDA22A1BF4800838BD6 /* AirportsSelectionCoordinator.swift */; };
		52F03CDD22A1C1F700838BD6 /* AirportsSelection.storyboard in Resources */ = {isa = PBXBuildFile; fileRef = 52F03CDC22A1C1F700838BD6 /* AirportsSelection.storyboard */; };
		52F03CE022A1C24500838BD6 /* MapCoordinator.swift in Sources */ = {isa = PBXBuildFile; fileRef = 52F03CDF22A1C24500838BD6 /* MapCoordinator.swift */; };
		52F03CE222A1C25D00838BD6 /* Map.storyboard in Resources */ = {isa = PBXBuildFile; fileRef = 52F03CE122A1C25D00838BD6 /* Map.storyboard */; };
		52F03CE522A1C3CA00838BD6 /* AirportsSelectionView.swift in Sources */ = {isa = PBXBuildFile; fileRef = 52F03CE422A1C3CA00838BD6 /* AirportsSelectionView.swift */; };
		52F03CED22A2643400838BD6 /* Airport.swift in Sources */ = {isa = PBXBuildFile; fileRef = 52F03CEC22A2643400838BD6 /* Airport.swift */; };
		52F03CEF22A2644F00838BD6 /* AirportButtonView.swift in Sources */ = {isa = PBXBuildFile; fileRef = 52F03CEE22A2644F00838BD6 /* AirportButtonView.swift */; };
		52F03CF422A26E7500838BD6 /* HighlightedButton.swift in Sources */ = {isa = PBXBuildFile; fileRef = 52F03CF322A26E7500838BD6 /* HighlightedButton.swift */; };
		52F03CF622A26FCE00838BD6 /* RoundedShadowButton.swift in Sources */ = {isa = PBXBuildFile; fileRef = 52F03CF522A26FCE00838BD6 /* RoundedShadowButton.swift */; };
		52F03CF822A280E500838BD6 /* ApplicationAppearance.swift in Sources */ = {isa = PBXBuildFile; fileRef = 52F03CF722A280E500838BD6 /* ApplicationAppearance.swift */; };
		52F03CFA22A2870100838BD6 /* UITableViewCell.swift in Sources */ = {isa = PBXBuildFile; fileRef = 52F03CF922A2870100838BD6 /* UITableViewCell.swift */; };
		52F03CFC22A2872400838BD6 /* AirportCell.swift in Sources */ = {isa = PBXBuildFile; fileRef = 52F03CFB22A2872400838BD6 /* AirportCell.swift */; };
		52F03CFE22A2882000838BD6 /* AirportCell.xib in Resources */ = {isa = PBXBuildFile; fileRef = 52F03CFD22A2882000838BD6 /* AirportCell.xib */; };
		52F03D0022A28E3900838BD6 /* UITableView.swift in Sources */ = {isa = PBXBuildFile; fileRef = 52F03CFF22A28E3900838BD6 /* UITableView.swift */; };
		52F03D0222A3BABD00838BD6 /* Throttler.swift in Sources */ = {isa = PBXBuildFile; fileRef = 52F03D0122A3BABD00838BD6 /* Throttler.swift */; };
		52F03D0422A3BE5D00838BD6 /* AirportService.swift in Sources */ = {isa = PBXBuildFile; fileRef = 52F03D0322A3BE5D00838BD6 /* AirportService.swift */; };
		52F03D0722A3BF8B00838BD6 /* MockAirportService.swift in Sources */ = {isa = PBXBuildFile; fileRef = 52F03D0622A3BF8B00838BD6 /* MockAirportService.swift */; };
		52F03D0922A3BF9E00838BD6 /* BackendAirportService.swift in Sources */ = {isa = PBXBuildFile; fileRef = 52F03D0822A3BF9E00838BD6 /* BackendAirportService.swift */; };
		52F03D1122A3C31700838BD6 /* NetworkConfigurator.swift in Sources */ = {isa = PBXBuildFile; fileRef = 52F03D1022A3C31700838BD6 /* NetworkConfigurator.swift */; };
		52F03D1322A3C32A00838BD6 /* MockConfigurator.swift in Sources */ = {isa = PBXBuildFile; fileRef = 52F03D1222A3C32A00838BD6 /* MockConfigurator.swift */; };
		52F03D1722A3C3D500838BD6 /* Dependencies.swift in Sources */ = {isa = PBXBuildFile; fileRef = 52F03D1622A3C3D500838BD6 /* Dependencies.swift */; };
		52F03D1A22A3CE7400838BD6 /* CodableNetworkClient.swift in Sources */ = {isa = PBXBuildFile; fileRef = 52F03D1922A3CE7400838BD6 /* CodableNetworkClient.swift */; };
		52F03D1C22A3D06C00838BD6 /* BaseNetworkClient.swift in Sources */ = {isa = PBXBuildFile; fileRef = 52F03D1B22A3D06C00838BD6 /* BaseNetworkClient.swift */; };
		52F03D2022A3D62B00838BD6 /* HttpUrlParametersSerializer.swift in Sources */ = {isa = PBXBuildFile; fileRef = 52F03D1F22A3D62B00838BD6 /* HttpUrlParametersSerializer.swift */; };
		52F03D3022A4073200838BD6 /* Localizable.strings in Resources */ = {isa = PBXBuildFile; fileRef = 52F03D3222A4073200838BD6 /* Localizable.strings */; };
		52F03D3522A4086100838BD6 /* Localization.swift in Sources */ = {isa = PBXBuildFile; fileRef = 52F03D3422A4086100838BD6 /* Localization.swift */; };
		52F03D3722A4109A00838BD6 /* BaseViewController.swift in Sources */ = {isa = PBXBuildFile; fileRef = 52F03D3622A4109A00838BD6 /* BaseViewController.swift */; };
		52F03D3922A4319500838BD6 /* Endpoint.swift in Sources */ = {isa = PBXBuildFile; fileRef = 52F03D3822A4319500838BD6 /* Endpoint.swift */; };
		52F03D3B22A4330200838BD6 /* NetworkClient.swift in Sources */ = {isa = PBXBuildFile; fileRef = 52F03D3A22A4330200838BD6 /* NetworkClient.swift */; };
		52F03D3D22A435FC00838BD6 /* ThrottlerTests.swift in Sources */ = {isa = PBXBuildFile; fileRef = 52F03D3C22A435FC00838BD6 /* ThrottlerTests.swift */; };
		52F03D4022A4365700838BD6 /* XCTestCase.swift in Sources */ = {isa = PBXBuildFile; fileRef = 52F03D3F22A4365700838BD6 /* XCTestCase.swift */; };
		52F03D4222A438E400838BD6 /* TestConfigurator.swift in Sources */ = {isa = PBXBuildFile; fileRef = 52F03D4122A438E400838BD6 /* TestConfigurator.swift */; };
		52F03D4422A4393F00838BD6 /* EndpointTests.swift in Sources */ = {isa = PBXBuildFile; fileRef = 52F03D4322A4393E00838BD6 /* EndpointTests.swift */; };
		52F03D4822A43E2800838BD6 /* ContainerTests.swift in Sources */ = {isa = PBXBuildFile; fileRef = 52F03D4722A43E2800838BD6 /* ContainerTests.swift */; };
		52F03D4B22A444F100838BD6 /* LightNetworkClient.swift in Sources */ = {isa = PBXBuildFile; fileRef = 52F03D4A22A444F100838BD6 /* LightNetworkClient.swift */; };
		52F03D4D22A4465900838BD6 /* URLRequestBuilder.swift in Sources */ = {isa = PBXBuildFile; fileRef = 52F03D4C22A4465900838BD6 /* URLRequestBuilder.swift */; };
		52F03D4F22A44A0500838BD6 /* NetworkEncoder.swift in Sources */ = {isa = PBXBuildFile; fileRef = 52F03D4E22A44A0500838BD6 /* NetworkEncoder.swift */; };
		52F03D5122A44A9800838BD6 /* JSONNetworkEncoder.swift in Sources */ = {isa = PBXBuildFile; fileRef = 52F03D5022A44A9800838BD6 /* JSONNetworkEncoder.swift */; };
		52F03D5322A44AB300838BD6 /* NetworkDecoder.swift in Sources */ = {isa = PBXBuildFile; fileRef = 52F03D5222A44AB300838BD6 /* NetworkDecoder.swift */; };
		52F03D5522A44B0300838BD6 /* JSONNetworkDecoder.swift in Sources */ = {isa = PBXBuildFile; fileRef = 52F03D5422A44B0300838BD6 /* JSONNetworkDecoder.swift */; };
		52F03D5722A44CF300838BD6 /* UrlParametersSerializer.swift in Sources */ = {isa = PBXBuildFile; fileRef = 52F03D5622A44CF300838BD6 /* UrlParametersSerializer.swift */; };
		52F03D5922A45A9600838BD6 /* Http.swift in Sources */ = {isa = PBXBuildFile; fileRef = 52F03D5822A45A9600838BD6 /* Http.swift */; };
		52F03D5B22A45AB600838BD6 /* URLSession.swift in Sources */ = {isa = PBXBuildFile; fileRef = 52F03D5A22A45AB600838BD6 /* URLSession.swift */; };
		52F03D5D22A45D2400838BD6 /* Locale.swift in Sources */ = {isa = PBXBuildFile; fileRef = 52F03D5C22A45D2400838BD6 /* Locale.swift */; };
/* End PBXBuildFile section */

/* Begin PBXContainerItemProxy section */
		52F03CA522A1A52600838BD6 /* PBXContainerItemProxy */ = {
			isa = PBXContainerItemProxy;
			containerPortal = 52F03C8822A1A52500838BD6 /* Project object */;
			proxyType = 1;
			remoteGlobalIDString = 52F03C8F22A1A52500838BD6;
			remoteInfo = FlightApp;
		};
/* End PBXContainerItemProxy section */

/* Begin PBXFileReference section */
		52F03C9022A1A52500838BD6 /* FlightApp.app */ = {isa = PBXFileReference; explicitFileType = wrapper.application; includeInIndex = 0; path = FlightApp.app; sourceTree = BUILT_PRODUCTS_DIR; };
		52F03C9322A1A52500838BD6 /* AppDelegate.swift */ = {isa = PBXFileReference; lastKnownFileType = sourcecode.swift; path = AppDelegate.swift; sourceTree = "<group>"; };
		52F03C9A22A1A52600838BD6 /* Assets.xcassets */ = {isa = PBXFileReference; lastKnownFileType = folder.assetcatalog; path = Assets.xcassets; sourceTree = "<group>"; };
		52F03C9D22A1A52600838BD6 /* Base */ = {isa = PBXFileReference; lastKnownFileType = file.storyboard; name = Base; path = Base.lproj/LaunchScreen.storyboard; sourceTree = "<group>"; };
		52F03C9F22A1A52600838BD6 /* Info.plist */ = {isa = PBXFileReference; lastKnownFileType = text.plist.xml; path = Info.plist; sourceTree = "<group>"; };
		52F03CA422A1A52600838BD6 /* FlightAppTests.xctest */ = {isa = PBXFileReference; explicitFileType = wrapper.cfbundle; includeInIndex = 0; path = FlightAppTests.xctest; sourceTree = BUILT_PRODUCTS_DIR; };
		52F03CAA22A1A52600838BD6 /* Info.plist */ = {isa = PBXFileReference; lastKnownFileType = text.plist.xml; path = Info.plist; sourceTree = "<group>"; };
		52F03CC022A1B39C00838BD6 /* Storyboard.swift */ = {isa = PBXFileReference; lastKnownFileType = sourcecode.swift; path = Storyboard.swift; sourceTree = "<group>"; };
		52F03CC422A1B3F000838BD6 /* AirportsSelectionViewController.swift */ = {isa = PBXFileReference; lastKnownFileType = sourcecode.swift; path = AirportsSelectionViewController.swift; sourceTree = "<group>"; };
		52F03CC622A1B40900838BD6 /* AirportSearchViewController.swift */ = {isa = PBXFileReference; lastKnownFileType = sourcecode.swift; path = AirportSearchViewController.swift; sourceTree = "<group>"; };
		52F03CC822A1B41B00838BD6 /* MapViewController.swift */ = {isa = PBXFileReference; lastKnownFileType = sourcecode.swift; path = MapViewController.swift; sourceTree = "<group>"; };
		52F03CCB22A1B4F300838BD6 /* UIStoryboard.swift */ = {isa = PBXFileReference; lastKnownFileType = sourcecode.swift; path = UIStoryboard.swift; sourceTree = "<group>"; };
		52F03CCD22A1B5FE00838BD6 /* Style.swift */ = {isa = PBXFileReference; lastKnownFileType = sourcecode.swift; path = Style.swift; sourceTree = "<group>"; };
		52F03CCF22A1B63500838BD6 /* UIColor.swift */ = {isa = PBXFileReference; lastKnownFileType = sourcecode.swift; path = UIColor.swift; sourceTree = "<group>"; };
		52F03CD122A1BBDE00838BD6 /* DependencyInjectionContainer.swift */ = {isa = PBXFileReference; lastKnownFileType = sourcecode.swift; path = DependencyInjectionContainer.swift; sourceTree = "<group>"; };
		52F03CD322A1BC3100838BD6 /* ApplicationConfigurator.swift */ = {isa = PBXFileReference; lastKnownFileType = sourcecode.swift; path = ApplicationConfigurator.swift; sourceTree = "<group>"; };
		52F03CD522A1BC6100838BD6 /* Container.swift */ = {isa = PBXFileReference; lastKnownFileType = sourcecode.swift; path = Container.swift; sourceTree = "<group>"; };
		52F03CD722A1BCC700838BD6 /* ApplicationCoordinator.swift */ = {isa = PBXFileReference; lastKnownFileType = sourcecode.swift; path = ApplicationCoordinator.swift; sourceTree = "<group>"; };
		52F03CDA22A1BF4800838BD6 /* AirportsSelectionCoordinator.swift */ = {isa = PBXFileReference; lastKnownFileType = sourcecode.swift; path = AirportsSelectionCoordinator.swift; sourceTree = "<group>"; };
		52F03CDC22A1C1F700838BD6 /* AirportsSelection.storyboard */ = {isa = PBXFileReference; lastKnownFileType = file.storyboard; path = AirportsSelection.storyboard; sourceTree = "<group>"; };
		52F03CDF22A1C24500838BD6 /* MapCoordinator.swift */ = {isa = PBXFileReference; lastKnownFileType = sourcecode.swift; path = MapCoordinator.swift; sourceTree = "<group>"; };
		52F03CE122A1C25D00838BD6 /* Map.storyboard */ = {isa = PBXFileReference; lastKnownFileType = file.storyboard; path = Map.storyboard; sourceTree = "<group>"; };
		52F03CE422A1C3CA00838BD6 /* AirportsSelectionView.swift */ = {isa = PBXFileReference; lastKnownFileType = sourcecode.swift; path = AirportsSelectionView.swift; sourceTree = "<group>"; };
		52F03CEC22A2643400838BD6 /* Airport.swift */ = {isa = PBXFileReference; lastKnownFileType = sourcecode.swift; path = Airport.swift; sourceTree = "<group>"; };
		52F03CEE22A2644F00838BD6 /* AirportButtonView.swift */ = {isa = PBXFileReference; lastKnownFileType = sourcecode.swift; path = AirportButtonView.swift; sourceTree = "<group>"; };
		52F03CF322A26E7500838BD6 /* HighlightedButton.swift */ = {isa = PBXFileReference; lastKnownFileType = sourcecode.swift; path = HighlightedButton.swift; sourceTree = "<group>"; };
		52F03CF522A26FCE00838BD6 /* RoundedShadowButton.swift */ = {isa = PBXFileReference; lastKnownFileType = sourcecode.swift; path = RoundedShadowButton.swift; sourceTree = "<group>"; };
		52F03CF722A280E500838BD6 /* ApplicationAppearance.swift */ = {isa = PBXFileReference; lastKnownFileType = sourcecode.swift; path = ApplicationAppearance.swift; sourceTree = "<group>"; };
		52F03CF922A2870100838BD6 /* UITableViewCell.swift */ = {isa = PBXFileReference; lastKnownFileType = sourcecode.swift; path = UITableViewCell.swift; sourceTree = "<group>"; };
		52F03CFB22A2872400838BD6 /* AirportCell.swift */ = {isa = PBXFileReference; lastKnownFileType = sourcecode.swift; path = AirportCell.swift; sourceTree = "<group>"; };
		52F03CFD22A2882000838BD6 /* AirportCell.xib */ = {isa = PBXFileReference; lastKnownFileType = file.xib; path = AirportCell.xib; sourceTree = "<group>"; };
		52F03CFF22A28E3900838BD6 /* UITableView.swift */ = {isa = PBXFileReference; lastKnownFileType = sourcecode.swift; path = UITableView.swift; sourceTree = "<group>"; };
		52F03D0122A3BABD00838BD6 /* Throttler.swift */ = {isa = PBXFileReference; lastKnownFileType = sourcecode.swift; path = Throttler.swift; sourceTree = "<group>"; };
		52F03D0322A3BE5D00838BD6 /* AirportService.swift */ = {isa = PBXFileReference; lastKnownFileType = sourcecode.swift; path = AirportService.swift; sourceTree = "<group>"; };
		52F03D0622A3BF8B00838BD6 /* MockAirportService.swift */ = {isa = PBXFileReference; lastKnownFileType = sourcecode.swift; path = MockAirportService.swift; sourceTree = "<group>"; };
		52F03D0822A3BF9E00838BD6 /* BackendAirportService.swift */ = {isa = PBXFileReference; lastKnownFileType = sourcecode.swift; path = BackendAirportService.swift; sourceTree = "<group>"; };
		52F03D1022A3C31700838BD6 /* NetworkConfigurator.swift */ = {isa = PBXFileReference; lastKnownFileType = sourcecode.swift; path = NetworkConfigurator.swift; sourceTree = "<group>"; };
		52F03D1222A3C32A00838BD6 /* MockConfigurator.swift */ = {isa = PBXFileReference; lastKnownFileType = sourcecode.swift; path = MockConfigurator.swift; sourceTree = "<group>"; };
		52F03D1622A3C3D500838BD6 /* Dependencies.swift */ = {isa = PBXFileReference; lastKnownFileType = sourcecode.swift; path = Dependencies.swift; sourceTree = "<group>"; };
		52F03D1922A3CE7400838BD6 /* CodableNetworkClient.swift */ = {isa = PBXFileReference; lastKnownFileType = sourcecode.swift; path = CodableNetworkClient.swift; sourceTree = "<group>"; };
		52F03D1B22A3D06C00838BD6 /* BaseNetworkClient.swift */ = {isa = PBXFileReference; lastKnownFileType = sourcecode.swift; path = BaseNetworkClient.swift; sourceTree = "<group>"; };
		52F03D1F22A3D62B00838BD6 /* HttpUrlParametersSerializer.swift */ = {isa = PBXFileReference; lastKnownFileType = sourcecode.swift; path = HttpUrlParametersSerializer.swift; sourceTree = "<group>"; };
		52F03D3122A4073200838BD6 /* en */ = {isa = PBXFileReference; lastKnownFileType = text.plist.strings; name = en; path = en.lproj/Localizable.strings; sourceTree = "<group>"; };
		52F03D3322A4073600838BD6 /* ru */ = {isa = PBXFileReference; lastKnownFileType = text.plist.strings; name = ru; path = ru.lproj/Localizable.strings; sourceTree = "<group>"; };
		52F03D3422A4086100838BD6 /* Localization.swift */ = {isa = PBXFileReference; lastKnownFileType = sourcecode.swift; path = Localization.swift; sourceTree = "<group>"; };
		52F03D3622A4109A00838BD6 /* BaseViewController.swift */ = {isa = PBXFileReference; lastKnownFileType = sourcecode.swift; path = BaseViewController.swift; sourceTree = "<group>"; };
		52F03D3822A4319500838BD6 /* Endpoint.swift */ = {isa = PBXFileReference; lastKnownFileType = sourcecode.swift; path = Endpoint.swift; sourceTree = "<group>"; };
		52F03D3A22A4330200838BD6 /* NetworkClient.swift */ = {isa = PBXFileReference; lastKnownFileType = sourcecode.swift; path = NetworkClient.swift; sourceTree = "<group>"; };
		52F03D3C22A435FC00838BD6 /* ThrottlerTests.swift */ = {isa = PBXFileReference; lastKnownFileType = sourcecode.swift; path = ThrottlerTests.swift; sourceTree = "<group>"; };
		52F03D3F22A4365700838BD6 /* XCTestCase.swift */ = {isa = PBXFileReference; lastKnownFileType = sourcecode.swift; path = XCTestCase.swift; sourceTree = "<group>"; };
		52F03D4122A438E400838BD6 /* TestConfigurator.swift */ = {isa = PBXFileReference; lastKnownFileType = sourcecode.swift; path = TestConfigurator.swift; sourceTree = "<group>"; };
		52F03D4322A4393E00838BD6 /* EndpointTests.swift */ = {isa = PBXFileReference; lastKnownFileType = sourcecode.swift; path = EndpointTests.swift; sourceTree = "<group>"; };
		52F03D4722A43E2800838BD6 /* ContainerTests.swift */ = {isa = PBXFileReference; lastKnownFileType = sourcecode.swift; path = ContainerTests.swift; sourceTree = "<group>"; };
		52F03D4A22A444F100838BD6 /* LightNetworkClient.swift */ = {isa = PBXFileReference; lastKnownFileType = sourcecode.swift; path = LightNetworkClient.swift; sourceTree = "<group>"; };
		52F03D4C22A4465900838BD6 /* URLRequestBuilder.swift */ = {isa = PBXFileReference; lastKnownFileType = sourcecode.swift; path = URLRequestBuilder.swift; sourceTree = "<group>"; };
		52F03D4E22A44A0500838BD6 /* NetworkEncoder.swift */ = {isa = PBXFileReference; lastKnownFileType = sourcecode.swift; path = NetworkEncoder.swift; sourceTree = "<group>"; };
		52F03D5022A44A9800838BD6 /* JSONNetworkEncoder.swift */ = {isa = PBXFileReference; lastKnownFileType = sourcecode.swift; path = JSONNetworkEncoder.swift; sourceTree = "<group>"; };
		52F03D5222A44AB300838BD6 /* NetworkDecoder.swift */ = {isa = PBXFileReference; lastKnownFileType = sourcecode.swift; path = NetworkDecoder.swift; sourceTree = "<group>"; };
		52F03D5422A44B0300838BD6 /* JSONNetworkDecoder.swift */ = {isa = PBXFileReference; lastKnownFileType = sourcecode.swift; path = JSONNetworkDecoder.swift; sourceTree = "<group>"; };
		52F03D5622A44CF300838BD6 /* UrlParametersSerializer.swift */ = {isa = PBXFileReference; lastKnownFileType = sourcecode.swift; path = UrlParametersSerializer.swift; sourceTree = "<group>"; };
		52F03D5822A45A9600838BD6 /* Http.swift */ = {isa = PBXFileReference; lastKnownFileType = sourcecode.swift; path = Http.swift; sourceTree = "<group>"; };
		52F03D5A22A45AB600838BD6 /* URLSession.swift */ = {isa = PBXFileReference; lastKnownFileType = sourcecode.swift; path = URLSession.swift; sourceTree = "<group>"; };
		52F03D5C22A45D2400838BD6 /* Locale.swift */ = {isa = PBXFileReference; lastKnownFileType = sourcecode.swift; path = Locale.swift; sourceTree = "<group>"; };
/* End PBXFileReference section */

/* Begin PBXFrameworksBuildPhase section */
		52F03C8D22A1A52500838BD6 /* Frameworks */ = {
			isa = PBXFrameworksBuildPhase;
			buildActionMask = 2147483647;
			files = (
			);
			runOnlyForDeploymentPostprocessing = 0;
		};
		52F03CA122A1A52600838BD6 /* Frameworks */ = {
			isa = PBXFrameworksBuildPhase;
			buildActionMask = 2147483647;
			files = (
			);
			runOnlyForDeploymentPostprocessing = 0;
		};
/* End PBXFrameworksBuildPhase section */

/* Begin PBXGroup section */
		52F03C8722A1A52500838BD6 = {
			isa = PBXGroup;
			children = (
				52F03CA722A1A52600838BD6 /* FlightAppTests */,
				52F03C9222A1A52500838BD6 /* FlightApp */,
				52F03C9122A1A52500838BD6 /* Products */,
			);
			sourceTree = "<group>";
		};
		52F03C9122A1A52500838BD6 /* Products */ = {
			isa = PBXGroup;
			children = (
				52F03C9022A1A52500838BD6 /* FlightApp.app */,
				52F03CA422A1A52600838BD6 /* FlightAppTests.xctest */,
			);
			name = Products;
			sourceTree = "<group>";
		};
		52F03C9222A1A52500838BD6 /* FlightApp */ = {
			isa = PBXGroup;
			children = (
				52F03CB622A1A97C00838BD6 /* Common */,
				52F03CB522A1A96C00838BD6 /* Dependencies */,
				52F03CB422A1A96700838BD6 /* Utilities */,
				52F03CB322A1A95F00838BD6 /* Model */,
				52F03CB722A1A98500838BD6 /* Services */,
				52F03CB822A1A98F00838BD6 /* Presentation */,
				52F03CB922A1A99700838BD6 /* Resources */,
				52F03C9322A1A52500838BD6 /* AppDelegate.swift */,
			);
			path = FlightApp;
			sourceTree = "<group>";
		};
		52F03CA722A1A52600838BD6 /* FlightAppTests */ = {
			isa = PBXGroup;
			children = (
				52F03D3E22A4364E00838BD6 /* Common */,
				52F03D3C22A435FC00838BD6 /* ThrottlerTests.swift */,
				52F03D4322A4393E00838BD6 /* EndpointTests.swift */,
				52F03D4722A43E2800838BD6 /* ContainerTests.swift */,
				52F03CAA22A1A52600838BD6 /* Info.plist */,
			);
			path = FlightAppTests;
			sourceTree = "<group>";
		};
		52F03CB322A1A95F00838BD6 /* Model */ = {
			isa = PBXGroup;
			children = (
				52F03CEC22A2643400838BD6 /* Airport.swift */,
			);
			path = Model;
			sourceTree = "<group>";
		};
		52F03CB422A1A96700838BD6 /* Utilities */ = {
			isa = PBXGroup;
			children = (
				52F03D0122A3BABD00838BD6 /* Throttler.swift */,
			);
			path = Utilities;
			sourceTree = "<group>";
		};
		52F03CB522A1A96C00838BD6 /* Dependencies */ = {
			isa = PBXGroup;
			children = (
				52F03CD122A1BBDE00838BD6 /* DependencyInjectionContainer.swift */,
				52F03CD522A1BC6100838BD6 /* Container.swift */,
				52F03CD322A1BC3100838BD6 /* ApplicationConfigurator.swift */,
				52F03D1022A3C31700838BD6 /* NetworkConfigurator.swift */,
				52F03D1222A3C32A00838BD6 /* MockConfigurator.swift */,
				52F03D1622A3C3D500838BD6 /* Dependencies.swift */,
			);
			path = Dependencies;
			sourceTree = "<group>";
		};
		52F03CB622A1A97C00838BD6 /* Common */ = {
			isa = PBXGroup;
			children = (
				52F03D1822A3CE6B00838BD6 /* Network */,
				52F03CCA22A1B4E500838BD6 /* Extensions */,
				52F03CC022A1B39C00838BD6 /* Storyboard.swift */,
				52F03CCD22A1B5FE00838BD6 /* Style.swift */,
				52F03D3422A4086100838BD6 /* Localization.swift */,
			);
			path = Common;
			sourceTree = "<group>";
		};
		52F03CB722A1A98500838BD6 /* Services */ = {
			isa = PBXGroup;
			children = (
				52F03D0522A3BE6C00838BD6 /* AirportService */,
			);
			path = Services;
			sourceTree = "<group>";
		};
		52F03CB822A1A98F00838BD6 /* Presentation */ = {
			isa = PBXGroup;
			children = (
				52F03CF022A2661D00838BD6 /* Common */,
				52F03CC322A1B3D500838BD6 /* Map */,
				52F03CC222A1B3C400838BD6 /* AirportsSelection */,
				52F03CD722A1BCC700838BD6 /* ApplicationCoordinator.swift */,
				52F03C9C22A1A52600838BD6 /* LaunchScreen.storyboard */,
			);
			path = Presentation;
			sourceTree = "<group>";
		};
		52F03CB922A1A99700838BD6 /* Resources */ = {
			isa = PBXGroup;
			children = (
				52F03D3222A4073200838BD6 /* Localizable.strings */,
				52F03C9A22A1A52600838BD6 /* Assets.xcassets */,
				52F03C9F22A1A52600838BD6 /* Info.plist */,
			);
			path = Resources;
			sourceTree = "<group>";
		};
		52F03CC222A1B3C400838BD6 /* AirportsSelection */ = {
			isa = PBXGroup;
			children = (
				52F03CE322A1C3B000838BD6 /* Views */,
				52F03CD922A1BF2E00838BD6 /* ViewControllers */,
				52F03CDA22A1BF4800838BD6 /* AirportsSelectionCoordinator.swift */,
				52F03CDC22A1C1F700838BD6 /* AirportsSelection.storyboard */,
			);
			path = AirportsSelection;
			sourceTree = "<group>";
		};
		52F03CC322A1B3D500838BD6 /* Map */ = {
			isa = PBXGroup;
			children = (
				52F03CDE22A1C23300838BD6 /* ViewControllers */,
				52F03CDF22A1C24500838BD6 /* MapCoordinator.swift */,
				52F03CE122A1C25D00838BD6 /* Map.storyboard */,
			);
			path = Map;
			sourceTree = "<group>";
		};
		52F03CCA22A1B4E500838BD6 /* Extensions */ = {
			isa = PBXGroup;
			children = (
				52F03CCB22A1B4F300838BD6 /* UIStoryboard.swift */,
				52F03CCF22A1B63500838BD6 /* UIColor.swift */,
				52F03CF922A2870100838BD6 /* UITableViewCell.swift */,
				52F03CFF22A28E3900838BD6 /* UITableView.swift */,
				52F03D5A22A45AB600838BD6 /* URLSession.swift */,
				52F03D5C22A45D2400838BD6 /* Locale.swift */,
			);
			path = Extensions;
			sourceTree = "<group>";
		};
		52F03CD922A1BF2E00838BD6 /* ViewControllers */ = {
			isa = PBXGroup;
			children = (
				52F03CC422A1B3F000838BD6 /* AirportsSelectionViewController.swift */,
				52F03CC622A1B40900838BD6 /* AirportSearchViewController.swift */,
			);
			path = ViewControllers;
			sourceTree = "<group>";
		};
		52F03CDE22A1C23300838BD6 /* ViewControllers */ = {
			isa = PBXGroup;
			children = (
				52F03CC822A1B41B00838BD6 /* MapViewController.swift */,
			);
			path = ViewControllers;
			sourceTree = "<group>";
		};
		52F03CE322A1C3B000838BD6 /* Views */ = {
			isa = PBXGroup;
			children = (
				52F03CE422A1C3CA00838BD6 /* AirportsSelectionView.swift */,
				52F03CEE22A2644F00838BD6 /* AirportButtonView.swift */,
				52F03CFB22A2872400838BD6 /* AirportCell.swift */,
				52F03CFD22A2882000838BD6 /* AirportCell.xib */,
			);
			path = Views;
			sourceTree = "<group>";
		};
		52F03CF022A2661D00838BD6 /* Common */ = {
			isa = PBXGroup;
			children = (
				52F03D3622A4109A00838BD6 /* BaseViewController.swift */,
				52F03CF722A280E500838BD6 /* ApplicationAppearance.swift */,
				52F03CF322A26E7500838BD6 /* HighlightedButton.swift */,
				52F03CF522A26FCE00838BD6 /* RoundedShadowButton.swift */,
			);
			path = Common;
			sourceTree = "<group>";
		};
		52F03D0522A3BE6C00838BD6 /* AirportService */ = {
			isa = PBXGroup;
			children = (
				52F03D0322A3BE5D00838BD6 /* AirportService.swift */,
				52F03D0622A3BF8B00838BD6 /* MockAirportService.swift */,
				52F03D0822A3BF9E00838BD6 /* BackendAirportService.swift */,
			);
			path = AirportService;
			sourceTree = "<group>";
		};
		52F03D1822A3CE6B00838BD6 /* Network */ = {
			isa = PBXGroup;
			children = (
				52F03D4922A444CE00838BD6 /* Codable */,
				52F03D4A22A444F100838BD6 /* LightNetworkClient.swift */,
				52F03D3A22A4330200838BD6 /* NetworkClient.swift */,
				52F03D3822A4319500838BD6 /* Endpoint.swift */,
				52F03D4C22A4465900838BD6 /* URLRequestBuilder.swift */,
			);
			path = Network;
			sourceTree = "<group>";
		};
		52F03D3E22A4364E00838BD6 /* Common */ = {
			isa = PBXGroup;
			children = (
				52F03D3F22A4365700838BD6 /* XCTestCase.swift */,
				52F03D4122A438E400838BD6 /* TestConfigurator.swift */,
			);
			path = Common;
			sourceTree = "<group>";
		};
		52F03D4922A444CE00838BD6 /* Codable */ = {
			isa = PBXGroup;
			children = (
				52F03D5822A45A9600838BD6 /* Http.swift */,
				52F03D5622A44CF300838BD6 /* UrlParametersSerializer.swift */,
				52F03D1F22A3D62B00838BD6 /* HttpUrlParametersSerializer.swift */,
				52F03D1922A3CE7400838BD6 /* CodableNetworkClient.swift */,
				52F03D1B22A3D06C00838BD6 /* BaseNetworkClient.swift */,
				52F03D4E22A44A0500838BD6 /* NetworkEncoder.swift */,
				52F03D5022A44A9800838BD6 /* JSONNetworkEncoder.swift */,
				52F03D5222A44AB300838BD6 /* NetworkDecoder.swift */,
				52F03D5422A44B0300838BD6 /* JSONNetworkDecoder.swift */,
			);
			path = Codable;
			sourceTree = "<group>";
		};
/* End PBXGroup section */

/* Begin PBXNativeTarget section */
		52F03C8F22A1A52500838BD6 /* FlightApp */ = {
			isa = PBXNativeTarget;
			buildConfigurationList = 52F03CAD22A1A52600838BD6 /* Build configuration list for PBXNativeTarget "FlightApp" */;
			buildPhases = (
				52F03CBF22A1B26C00838BD6 /* Swiftlint */,
				52F03C8C22A1A52500838BD6 /* Sources */,
				52F03C8D22A1A52500838BD6 /* Frameworks */,
				52F03C8E22A1A52500838BD6 /* Resources */,
			);
			buildRules = (
			);
			dependencies = (
			);
			name = FlightApp;
			productName = FlightApp;
			productReference = 52F03C9022A1A52500838BD6 /* FlightApp.app */;
			productType = "com.apple.product-type.application";
		};
		52F03CA322A1A52600838BD6 /* FlightAppTests */ = {
			isa = PBXNativeTarget;
			buildConfigurationList = 52F03CB022A1A52600838BD6 /* Build configuration list for PBXNativeTarget "FlightAppTests" */;
			buildPhases = (
				52F03CA022A1A52600838BD6 /* Sources */,
				52F03CA122A1A52600838BD6 /* Frameworks */,
				52F03CA222A1A52600838BD6 /* Resources */,
			);
			buildRules = (
			);
			dependencies = (
				52F03CA622A1A52600838BD6 /* PBXTargetDependency */,
			);
			name = FlightAppTests;
			productName = FlightAppTests;
			productReference = 52F03CA422A1A52600838BD6 /* FlightAppTests.xctest */;
			productType = "com.apple.product-type.bundle.unit-test";
		};
/* End PBXNativeTarget section */

/* Begin PBXProject section */
		52F03C8822A1A52500838BD6 /* Project object */ = {
			isa = PBXProject;
			attributes = {
				LastSwiftUpdateCheck = 1020;
				LastUpgradeCheck = 1020;
				ORGANIZATIONNAME = com.onthemoon2;
				TargetAttributes = {
					52F03C8F22A1A52500838BD6 = {
						CreatedOnToolsVersion = 10.2.1;
					};
					52F03CA322A1A52600838BD6 = {
						CreatedOnToolsVersion = 10.2.1;
						TestTargetID = 52F03C8F22A1A52500838BD6;
					};
				};
			};
			buildConfigurationList = 52F03C8B22A1A52500838BD6 /* Build configuration list for PBXProject "FlightApp" */;
			compatibilityVersion = "Xcode 9.3";
			developmentRegion = en;
			hasScannedForEncodings = 0;
			knownRegions = (
				en,
				Base,
				ru,
			);
			mainGroup = 52F03C8722A1A52500838BD6;
			productRefGroup = 52F03C9122A1A52500838BD6 /* Products */;
			projectDirPath = "";
			projectRoot = "";
			targets = (
				52F03C8F22A1A52500838BD6 /* FlightApp */,
				52F03CA322A1A52600838BD6 /* FlightAppTests */,
			);
		};
/* End PBXProject section */

/* Begin PBXResourcesBuildPhase section */
		52F03C8E22A1A52500838BD6 /* Resources */ = {
			isa = PBXResourcesBuildPhase;
			buildActionMask = 2147483647;
			files = (
				52F03CDD22A1C1F700838BD6 /* AirportsSelection.storyboard in Resources */,
				52F03D3022A4073200838BD6 /* Localizable.strings in Resources */,
				52F03C9E22A1A52600838BD6 /* LaunchScreen.storyboard in Resources */,
				52F03CE222A1C25D00838BD6 /* Map.storyboard in Resources */,
				52F03C9B22A1A52600838BD6 /* Assets.xcassets in Resources */,
				52F03CFE22A2882000838BD6 /* AirportCell.xib in Resources */,
			);
			runOnlyForDeploymentPostprocessing = 0;
		};
		52F03CA222A1A52600838BD6 /* Resources */ = {
			isa = PBXResourcesBuildPhase;
			buildActionMask = 2147483647;
			files = (
			);
			runOnlyForDeploymentPostprocessing = 0;
		};
/* End PBXResourcesBuildPhase section */

/* Begin PBXShellScriptBuildPhase section */
		52F03CBF22A1B26C00838BD6 /* Swiftlint */ = {
			isa = PBXShellScriptBuildPhase;
			buildActionMask = 2147483647;
			files = (
			);
			inputFileListPaths = (
			);
			inputPaths = (
			);
			name = Swiftlint;
			outputFileListPaths = (
			);
			outputPaths = (
			);
			runOnlyForDeploymentPostprocessing = 0;
			shellPath = /bin/sh;
			shellScript = "if which swiftlint >/dev/null; then\n    swiftlint lint --quiet\nelse\n    echo \"error: SwiftLint not installed, download from https://github.com/realm/SwiftLint\"\nfi\n";
		};
/* End PBXShellScriptBuildPhase section */

/* Begin PBXSourcesBuildPhase section */
		52F03C8C22A1A52500838BD6 /* Sources */ = {
			isa = PBXSourcesBuildPhase;
			buildActionMask = 2147483647;
			files = (
				52F03CD222A1BBDE00838BD6 /* DependencyInjectionContainer.swift in Sources */,
				52F03D5122A44A9800838BD6 /* JSONNetworkEncoder.swift in Sources */,
				52F03CCC22A1B4F300838BD6 /* UIStoryboard.swift in Sources */,
				52F03D4D22A4465900838BD6 /* URLRequestBuilder.swift in Sources */,
				52F03D5322A44AB300838BD6 /* NetworkDecoder.swift in Sources */,
				52F03D4B22A444F100838BD6 /* LightNetworkClient.swift in Sources */,
				52F03D0422A3BE5D00838BD6 /* AirportService.swift in Sources */,
				52F03D0222A3BABD00838BD6 /* Throttler.swift in Sources */,
				52F03D2022A3D62B00838BD6 /* HttpUrlParametersSerializer.swift in Sources */,
				52F03D3722A4109A00838BD6 /* BaseViewController.swift in Sources */,
				52F03CC122A1B39C00838BD6 /* Storyboard.swift in Sources */,
				52F03C9422A1A52500838BD6 /* AppDelegate.swift in Sources */,
				52F03CC522A1B3F000838BD6 /* AirportsSelectionViewController.swift in Sources */,
				52F03D0922A3BF9E00838BD6 /* BackendAirportService.swift in Sources */,
				52F03D1A22A3CE7400838BD6 /* CodableNetworkClient.swift in Sources */,
				52F03CE522A1C3CA00838BD6 /* AirportsSelectionView.swift in Sources */,
				52F03CC922A1B41B00838BD6 /* MapViewController.swift in Sources */,
				52F03CF422A26E7500838BD6 /* HighlightedButton.swift in Sources */,
				52F03CD022A1B63500838BD6 /* UIColor.swift in Sources */,
				52F03CDB22A1BF4800838BD6 /* AirportsSelectionCoordinator.swift in Sources */,
				52F03D3522A4086100838BD6 /* Localization.swift in Sources */,
				52F03CF822A280E500838BD6 /* ApplicationAppearance.swift in Sources */,
				52F03D1322A3C32A00838BD6 /* MockConfigurator.swift in Sources */,
				52F03CCE22A1B5FE00838BD6 /* Style.swift in Sources */,
				52F03D3B22A4330200838BD6 /* NetworkClient.swift in Sources */,
				52F03CFA22A2870100838BD6 /* UITableViewCell.swift in Sources */,
				52F03CE022A1C24500838BD6 /* MapCoordinator.swift in Sources */,
				52F03D1122A3C31700838BD6 /* NetworkConfigurator.swift in Sources */,
				52F03CD422A1BC3100838BD6 /* ApplicationConfigurator.swift in Sources */,
				52F03CF622A26FCE00838BD6 /* RoundedShadowButton.swift in Sources */,
				52F03D1C22A3D06C00838BD6 /* BaseNetworkClient.swift in Sources */,
				52F03D3922A4319500838BD6 /* Endpoint.swift in Sources */,
				52F03D5B22A45AB600838BD6 /* URLSession.swift in Sources */,
				52F03CEF22A2644F00838BD6 /* AirportButtonView.swift in Sources */,
				52F03CFC22A2872400838BD6 /* AirportCell.swift in Sources */,
				52F03D4F22A44A0500838BD6 /* NetworkEncoder.swift in Sources */,
				52F03D0022A28E3900838BD6 /* UITableView.swift in Sources */,
				52F03CD622A1BC6100838BD6 /* Container.swift in Sources */,
				52F03CC722A1B40900838BD6 /* AirportSearchViewController.swift in Sources */,
				52F03CED22A2643400838BD6 /* Airport.swift in Sources */,
				52F03D5722A44CF300838BD6 /* UrlParametersSerializer.swift in Sources */,
				52F03CD822A1BCC700838BD6 /* ApplicationCoordinator.swift in Sources */,
				52F03D0722A3BF8B00838BD6 /* MockAirportService.swift in Sources */,
				52F03D1722A3C3D500838BD6 /* Dependencies.swift in Sources */,
				52F03D5D22A45D2400838BD6 /* Locale.swift in Sources */,
				52F03D5522A44B0300838BD6 /* JSONNetworkDecoder.swift in Sources */,
				52F03D5922A45A9600838BD6 /* Http.swift in Sources */,
			);
			runOnlyForDeploymentPostprocessing = 0;
		};
		52F03CA022A1A52600838BD6 /* Sources */ = {
			isa = PBXSourcesBuildPhase;
			buildActionMask = 2147483647;
			files = (
				52F03D3D22A435FC00838BD6 /* ThrottlerTests.swift in Sources */,
				52F03D4822A43E2800838BD6 /* ContainerTests.swift in Sources */,
				52F03D4222A438E400838BD6 /* TestConfigurator.swift in Sources */,
				52F03D4422A4393F00838BD6 /* EndpointTests.swift in Sources */,
				52F03D4022A4365700838BD6 /* XCTestCase.swift in Sources */,
			);
			runOnlyForDeploymentPostprocessing = 0;
		};
/* End PBXSourcesBuildPhase section */

/* Begin PBXTargetDependency section */
		52F03CA622A1A52600838BD6 /* PBXTargetDependency */ = {
			isa = PBXTargetDependency;
			target = 52F03C8F22A1A52500838BD6 /* FlightApp */;
			targetProxy = 52F03CA522A1A52600838BD6 /* PBXContainerItemProxy */;
		};
/* End PBXTargetDependency section */

/* Begin PBXVariantGroup section */
		52F03C9C22A1A52600838BD6 /* LaunchScreen.storyboard */ = {
			isa = PBXVariantGroup;
			children = (
				52F03C9D22A1A52600838BD6 /* Base */,
			);
			name = LaunchScreen.storyboard;
			sourceTree = "<group>";
		};
		52F03D3222A4073200838BD6 /* Localizable.strings */ = {
			isa = PBXVariantGroup;
			children = (
				52F03D3122A4073200838BD6 /* en */,
				52F03D3322A4073600838BD6 /* ru */,
			);
			name = Localizable.strings;
			sourceTree = "<group>";
		};
/* End PBXVariantGroup section */

/* Begin XCBuildConfiguration section */
		52F03CAB22A1A52600838BD6 /* Debug Dev */ = {
			isa = XCBuildConfiguration;
			buildSettings = {
				ALWAYS_SEARCH_USER_PATHS = NO;
				CLANG_ANALYZER_LOCALIZABILITY_NONLOCALIZED = YES;
				CLANG_ANALYZER_NONNULL = YES;
				CLANG_ANALYZER_NUMBER_OBJECT_CONVERSION = YES_AGGRESSIVE;
				CLANG_CXX_LANGUAGE_STANDARD = "gnu++14";
				CLANG_CXX_LIBRARY = "libc++";
				CLANG_ENABLE_MODULES = YES;
				CLANG_ENABLE_OBJC_ARC = YES;
				CLANG_ENABLE_OBJC_WEAK = YES;
				CLANG_WARN_BLOCK_CAPTURE_AUTORELEASING = YES;
				CLANG_WARN_BOOL_CONVERSION = YES;
				CLANG_WARN_COMMA = YES;
				CLANG_WARN_CONSTANT_CONVERSION = YES;
				CLANG_WARN_DEPRECATED_OBJC_IMPLEMENTATIONS = YES;
				CLANG_WARN_DIRECT_OBJC_ISA_USAGE = YES_ERROR;
				CLANG_WARN_DOCUMENTATION_COMMENTS = YES;
				CLANG_WARN_EMPTY_BODY = YES;
				CLANG_WARN_ENUM_CONVERSION = YES;
				CLANG_WARN_INFINITE_RECURSION = YES;
				CLANG_WARN_INT_CONVERSION = YES;
				CLANG_WARN_NON_LITERAL_NULL_CONVERSION = YES;
				CLANG_WARN_OBJC_IMPLICIT_RETAIN_SELF = YES;
				CLANG_WARN_OBJC_LITERAL_CONVERSION = YES;
				CLANG_WARN_OBJC_ROOT_CLASS = YES_ERROR;
				CLANG_WARN_RANGE_LOOP_ANALYSIS = YES;
				CLANG_WARN_STRICT_PROTOTYPES = YES;
				CLANG_WARN_SUSPICIOUS_MOVE = YES;
				CLANG_WARN_UNGUARDED_AVAILABILITY = YES_AGGRESSIVE;
				CLANG_WARN_UNREACHABLE_CODE = YES;
				CLANG_WARN__DUPLICATE_METHOD_MATCH = YES;
				CODE_SIGN_IDENTITY = "iPhone Developer";
				COPY_PHASE_STRIP = NO;
				DEBUG_INFORMATION_FORMAT = dwarf;
				ENABLE_STRICT_OBJC_MSGSEND = YES;
				ENABLE_TESTABILITY = YES;
				GCC_C_LANGUAGE_STANDARD = gnu11;
				GCC_DYNAMIC_NO_PIC = NO;
				GCC_NO_COMMON_BLOCKS = YES;
				GCC_OPTIMIZATION_LEVEL = 0;
				GCC_PREPROCESSOR_DEFINITIONS = (
					"DEBUG=1",
					"$(inherited)",
				);
				GCC_WARN_64_TO_32_BIT_CONVERSION = YES;
				GCC_WARN_ABOUT_RETURN_TYPE = YES_ERROR;
				GCC_WARN_UNDECLARED_SELECTOR = YES;
				GCC_WARN_UNINITIALIZED_AUTOS = YES_AGGRESSIVE;
				GCC_WARN_UNUSED_FUNCTION = YES;
				GCC_WARN_UNUSED_VARIABLE = YES;
				IPHONEOS_DEPLOYMENT_TARGET = 12.2;
				MTL_ENABLE_DEBUG_INFO = INCLUDE_SOURCE;
				MTL_FAST_MATH = YES;
				ONLY_ACTIVE_ARCH = YES;
				SDKROOT = iphoneos;
				SWIFT_ACTIVE_COMPILATION_CONDITIONS = DEBUG;
				SWIFT_OPTIMIZATION_LEVEL = "-Onone";
			};
			name = "Debug Dev";
		};
		52F03CAC22A1A52600838BD6 /* Release Dev */ = {
			isa = XCBuildConfiguration;
			buildSettings = {
				ALWAYS_SEARCH_USER_PATHS = NO;
				CLANG_ANALYZER_LOCALIZABILITY_NONLOCALIZED = YES;
				CLANG_ANALYZER_NONNULL = YES;
				CLANG_ANALYZER_NUMBER_OBJECT_CONVERSION = YES_AGGRESSIVE;
				CLANG_CXX_LANGUAGE_STANDARD = "gnu++14";
				CLANG_CXX_LIBRARY = "libc++";
				CLANG_ENABLE_MODULES = YES;
				CLANG_ENABLE_OBJC_ARC = YES;
				CLANG_ENABLE_OBJC_WEAK = YES;
				CLANG_WARN_BLOCK_CAPTURE_AUTORELEASING = YES;
				CLANG_WARN_BOOL_CONVERSION = YES;
				CLANG_WARN_COMMA = YES;
				CLANG_WARN_CONSTANT_CONVERSION = YES;
				CLANG_WARN_DEPRECATED_OBJC_IMPLEMENTATIONS = YES;
				CLANG_WARN_DIRECT_OBJC_ISA_USAGE = YES_ERROR;
				CLANG_WARN_DOCUMENTATION_COMMENTS = YES;
				CLANG_WARN_EMPTY_BODY = YES;
				CLANG_WARN_ENUM_CONVERSION = YES;
				CLANG_WARN_INFINITE_RECURSION = YES;
				CLANG_WARN_INT_CONVERSION = YES;
				CLANG_WARN_NON_LITERAL_NULL_CONVERSION = YES;
				CLANG_WARN_OBJC_IMPLICIT_RETAIN_SELF = YES;
				CLANG_WARN_OBJC_LITERAL_CONVERSION = YES;
				CLANG_WARN_OBJC_ROOT_CLASS = YES_ERROR;
				CLANG_WARN_RANGE_LOOP_ANALYSIS = YES;
				CLANG_WARN_STRICT_PROTOTYPES = YES;
				CLANG_WARN_SUSPICIOUS_MOVE = YES;
				CLANG_WARN_UNGUARDED_AVAILABILITY = YES_AGGRESSIVE;
				CLANG_WARN_UNREACHABLE_CODE = YES;
				CLANG_WARN__DUPLICATE_METHOD_MATCH = YES;
				CODE_SIGN_IDENTITY = "iPhone Developer";
				COPY_PHASE_STRIP = NO;
				DEBUG_INFORMATION_FORMAT = "dwarf-with-dsym";
				ENABLE_NS_ASSERTIONS = NO;
				ENABLE_STRICT_OBJC_MSGSEND = YES;
				GCC_C_LANGUAGE_STANDARD = gnu11;
				GCC_NO_COMMON_BLOCKS = YES;
				GCC_WARN_64_TO_32_BIT_CONVERSION = YES;
				GCC_WARN_ABOUT_RETURN_TYPE = YES_ERROR;
				GCC_WARN_UNDECLARED_SELECTOR = YES;
				GCC_WARN_UNINITIALIZED_AUTOS = YES_AGGRESSIVE;
				GCC_WARN_UNUSED_FUNCTION = YES;
				GCC_WARN_UNUSED_VARIABLE = YES;
				IPHONEOS_DEPLOYMENT_TARGET = 12.2;
				MTL_ENABLE_DEBUG_INFO = NO;
				MTL_FAST_MATH = YES;
				SDKROOT = iphoneos;
				SWIFT_COMPILATION_MODE = wholemodule;
				SWIFT_OPTIMIZATION_LEVEL = "-O";
				VALIDATE_PRODUCT = YES;
			};
			name = "Release Dev";
		};
		52F03CAE22A1A52600838BD6 /* Debug Dev */ = {
			isa = XCBuildConfiguration;
			buildSettings = {
				ASSETCATALOG_COMPILER_APPICON_NAME = AppIcon;
				CODE_SIGN_STYLE = Automatic;
				DEVELOPMENT_TEAM = 8GL4T9SLZ3;
				INFOPLIST_FILE = FlightApp/Resources/Info.plist;
				LD_RUNPATH_SEARCH_PATHS = (
					"$(inherited)",
					"@executable_path/Frameworks",
				);
				PRODUCT_BUNDLE_IDENTIFIER = com.onthemoon2.FlightApp;
				PRODUCT_NAME = "$(TARGET_NAME)";
				SWIFT_ACTIVE_COMPILATION_CONDITIONS = "DEBUG DEV";
				SWIFT_VERSION = 5.0;
				TARGETED_DEVICE_FAMILY = "1,2";
			};
			name = "Debug Dev";
		};
		52F03CAF22A1A52600838BD6 /* Release Dev */ = {
			isa = XCBuildConfiguration;
			buildSettings = {
				ASSETCATALOG_COMPILER_APPICON_NAME = AppIcon;
				CODE_SIGN_STYLE = Automatic;
				DEVELOPMENT_TEAM = 8GL4T9SLZ3;
				INFOPLIST_FILE = FlightApp/Resources/Info.plist;
				LD_RUNPATH_SEARCH_PATHS = (
					"$(inherited)",
					"@executable_path/Frameworks",
				);
				PRODUCT_BUNDLE_IDENTIFIER = com.onthemoon2.FlightApp;
				PRODUCT_NAME = "$(TARGET_NAME)";
				SWIFT_ACTIVE_COMPILATION_CONDITIONS = DEV;
				SWIFT_VERSION = 5.0;
				TARGETED_DEVICE_FAMILY = "1,2";
			};
			name = "Release Dev";
		};
		52F03CB122A1A52600838BD6 /* Debug Dev */ = {
			isa = XCBuildConfiguration;
			buildSettings = {
				ALWAYS_EMBED_SWIFT_STANDARD_LIBRARIES = YES;
				BUNDLE_LOADER = "$(TEST_HOST)";
				CODE_SIGN_STYLE = Automatic;
				DEVELOPMENT_TEAM = 8GL4T9SLZ3;
				INFOPLIST_FILE = FlightAppTests/Info.plist;
				LD_RUNPATH_SEARCH_PATHS = (
					"$(inherited)",
					"@executable_path/Frameworks",
					"@loader_path/Frameworks",
				);
				PRODUCT_BUNDLE_IDENTIFIER = com.onthemoon2.FlightAppTests;
				PRODUCT_NAME = "$(TARGET_NAME)";
				SWIFT_VERSION = 5.0;
				TARGETED_DEVICE_FAMILY = "1,2";
				TEST_HOST = "$(BUILT_PRODUCTS_DIR)/FlightApp.app/FlightApp";
			};
			name = "Debug Dev";
		};
		52F03CB222A1A52600838BD6 /* Release Dev */ = {
			isa = XCBuildConfiguration;
			buildSettings = {
				ALWAYS_EMBED_SWIFT_STANDARD_LIBRARIES = YES;
				BUNDLE_LOADER = "$(TEST_HOST)";
				CODE_SIGN_STYLE = Automatic;
				DEVELOPMENT_TEAM = 8GL4T9SLZ3;
				INFOPLIST_FILE = FlightAppTests/Info.plist;
				LD_RUNPATH_SEARCH_PATHS = (
					"$(inherited)",
					"@executable_path/Frameworks",
					"@loader_path/Frameworks",
				);
				PRODUCT_BUNDLE_IDENTIFIER = com.onthemoon2.FlightAppTests;
				PRODUCT_NAME = "$(TARGET_NAME)";
				SWIFT_VERSION = 5.0;
				TARGETED_DEVICE_FAMILY = "1,2";
				TEST_HOST = "$(BUILT_PRODUCTS_DIR)/FlightApp.app/FlightApp";
			};
			name = "Release Dev";
		};
		52F03D0A22A3C1E800838BD6 /* Debug Mock */ = {
			isa = XCBuildConfiguration;
			buildSettings = {
				ALWAYS_SEARCH_USER_PATHS = NO;
				CLANG_ANALYZER_LOCALIZABILITY_NONLOCALIZED = YES;
				CLANG_ANALYZER_NONNULL = YES;
				CLANG_ANALYZER_NUMBER_OBJECT_CONVERSION = YES_AGGRESSIVE;
				CLANG_CXX_LANGUAGE_STANDARD = "gnu++14";
				CLANG_CXX_LIBRARY = "libc++";
				CLANG_ENABLE_MODULES = YES;
				CLANG_ENABLE_OBJC_ARC = YES;
				CLANG_ENABLE_OBJC_WEAK = YES;
				CLANG_WARN_BLOCK_CAPTURE_AUTORELEASING = YES;
				CLANG_WARN_BOOL_CONVERSION = YES;
				CLANG_WARN_COMMA = YES;
				CLANG_WARN_CONSTANT_CONVERSION = YES;
				CLANG_WARN_DEPRECATED_OBJC_IMPLEMENTATIONS = YES;
				CLANG_WARN_DIRECT_OBJC_ISA_USAGE = YES_ERROR;
				CLANG_WARN_DOCUMENTATION_COMMENTS = YES;
				CLANG_WARN_EMPTY_BODY = YES;
				CLANG_WARN_ENUM_CONVERSION = YES;
				CLANG_WARN_INFINITE_RECURSION = YES;
				CLANG_WARN_INT_CONVERSION = YES;
				CLANG_WARN_NON_LITERAL_NULL_CONVERSION = YES;
				CLANG_WARN_OBJC_IMPLICIT_RETAIN_SELF = YES;
				CLANG_WARN_OBJC_LITERAL_CONVERSION = YES;
				CLANG_WARN_OBJC_ROOT_CLASS = YES_ERROR;
				CLANG_WARN_RANGE_LOOP_ANALYSIS = YES;
				CLANG_WARN_STRICT_PROTOTYPES = YES;
				CLANG_WARN_SUSPICIOUS_MOVE = YES;
				CLANG_WARN_UNGUARDED_AVAILABILITY = YES_AGGRESSIVE;
				CLANG_WARN_UNREACHABLE_CODE = YES;
				CLANG_WARN__DUPLICATE_METHOD_MATCH = YES;
				CODE_SIGN_IDENTITY = "iPhone Developer";
				COPY_PHASE_STRIP = NO;
				DEBUG_INFORMATION_FORMAT = dwarf;
				ENABLE_STRICT_OBJC_MSGSEND = YES;
				ENABLE_TESTABILITY = YES;
				GCC_C_LANGUAGE_STANDARD = gnu11;
				GCC_DYNAMIC_NO_PIC = NO;
				GCC_NO_COMMON_BLOCKS = YES;
				GCC_OPTIMIZATION_LEVEL = 0;
				GCC_PREPROCESSOR_DEFINITIONS = (
					"DEBUG=1",
					"$(inherited)",
				);
				GCC_WARN_64_TO_32_BIT_CONVERSION = YES;
				GCC_WARN_ABOUT_RETURN_TYPE = YES_ERROR;
				GCC_WARN_UNDECLARED_SELECTOR = YES;
				GCC_WARN_UNINITIALIZED_AUTOS = YES_AGGRESSIVE;
				GCC_WARN_UNUSED_FUNCTION = YES;
				GCC_WARN_UNUSED_VARIABLE = YES;
				IPHONEOS_DEPLOYMENT_TARGET = 12.2;
				MTL_ENABLE_DEBUG_INFO = INCLUDE_SOURCE;
				MTL_FAST_MATH = YES;
				ONLY_ACTIVE_ARCH = YES;
				SDKROOT = iphoneos;
				SWIFT_ACTIVE_COMPILATION_CONDITIONS = DEBUG;
				SWIFT_OPTIMIZATION_LEVEL = "-Onone";
			};
			name = "Debug Mock";
		};
		52F03D0B22A3C1E800838BD6 /* Debug Mock */ = {
			isa = XCBuildConfiguration;
			buildSettings = {
				ASSETCATALOG_COMPILER_APPICON_NAME = AppIcon;
				CODE_SIGN_STYLE = Automatic;
				DEVELOPMENT_TEAM = 8GL4T9SLZ3;
				INFOPLIST_FILE = FlightApp/Resources/Info.plist;
				LD_RUNPATH_SEARCH_PATHS = (
					"$(inherited)",
					"@executable_path/Frameworks",
				);
				PRODUCT_BUNDLE_IDENTIFIER = com.onthemoon2.FlightApp;
				PRODUCT_NAME = "$(TARGET_NAME)";
				SWIFT_ACTIVE_COMPILATION_CONDITIONS = "DEBUG MOCK";
				SWIFT_VERSION = 5.0;
				TARGETED_DEVICE_FAMILY = "1,2";
			};
			name = "Debug Mock";
		};
		52F03D0C22A3C1E800838BD6 /* Debug Mock */ = {
			isa = XCBuildConfiguration;
			buildSettings = {
				ALWAYS_EMBED_SWIFT_STANDARD_LIBRARIES = YES;
				BUNDLE_LOADER = "$(TEST_HOST)";
				CODE_SIGN_STYLE = Automatic;
				DEVELOPMENT_TEAM = 8GL4T9SLZ3;
				INFOPLIST_FILE = FlightAppTests/Info.plist;
				LD_RUNPATH_SEARCH_PATHS = (
					"$(inherited)",
					"@executable_path/Frameworks",
					"@loader_path/Frameworks",
				);
				PRODUCT_BUNDLE_IDENTIFIER = com.onthemoon2.FlightAppTests;
				PRODUCT_NAME = "$(TARGET_NAME)";
				SWIFT_VERSION = 5.0;
				TARGETED_DEVICE_FAMILY = "1,2";
				TEST_HOST = "$(BUILT_PRODUCTS_DIR)/FlightApp.app/FlightApp";
			};
			name = "Debug Mock";
		};
		52F03D0D22A3C1EE00838BD6 /* Release Mock */ = {
			isa = XCBuildConfiguration;
			buildSettings = {
				ALWAYS_SEARCH_USER_PATHS = NO;
				CLANG_ANALYZER_LOCALIZABILITY_NONLOCALIZED = YES;
				CLANG_ANALYZER_NONNULL = YES;
				CLANG_ANALYZER_NUMBER_OBJECT_CONVERSION = YES_AGGRESSIVE;
				CLANG_CXX_LANGUAGE_STANDARD = "gnu++14";
				CLANG_CXX_LIBRARY = "libc++";
				CLANG_ENABLE_MODULES = YES;
				CLANG_ENABLE_OBJC_ARC = YES;
				CLANG_ENABLE_OBJC_WEAK = YES;
				CLANG_WARN_BLOCK_CAPTURE_AUTORELEASING = YES;
				CLANG_WARN_BOOL_CONVERSION = YES;
				CLANG_WARN_COMMA = YES;
				CLANG_WARN_CONSTANT_CONVERSION = YES;
				CLANG_WARN_DEPRECATED_OBJC_IMPLEMENTATIONS = YES;
				CLANG_WARN_DIRECT_OBJC_ISA_USAGE = YES_ERROR;
				CLANG_WARN_DOCUMENTATION_COMMENTS = YES;
				CLANG_WARN_EMPTY_BODY = YES;
				CLANG_WARN_ENUM_CONVERSION = YES;
				CLANG_WARN_INFINITE_RECURSION = YES;
				CLANG_WARN_INT_CONVERSION = YES;
				CLANG_WARN_NON_LITERAL_NULL_CONVERSION = YES;
				CLANG_WARN_OBJC_IMPLICIT_RETAIN_SELF = YES;
				CLANG_WARN_OBJC_LITERAL_CONVERSION = YES;
				CLANG_WARN_OBJC_ROOT_CLASS = YES_ERROR;
				CLANG_WARN_RANGE_LOOP_ANALYSIS = YES;
				CLANG_WARN_STRICT_PROTOTYPES = YES;
				CLANG_WARN_SUSPICIOUS_MOVE = YES;
				CLANG_WARN_UNGUARDED_AVAILABILITY = YES_AGGRESSIVE;
				CLANG_WARN_UNREACHABLE_CODE = YES;
				CLANG_WARN__DUPLICATE_METHOD_MATCH = YES;
				CODE_SIGN_IDENTITY = "iPhone Developer";
				COPY_PHASE_STRIP = NO;
				DEBUG_INFORMATION_FORMAT = "dwarf-with-dsym";
				ENABLE_NS_ASSERTIONS = NO;
				ENABLE_STRICT_OBJC_MSGSEND = YES;
				GCC_C_LANGUAGE_STANDARD = gnu11;
				GCC_NO_COMMON_BLOCKS = YES;
				GCC_WARN_64_TO_32_BIT_CONVERSION = YES;
				GCC_WARN_ABOUT_RETURN_TYPE = YES_ERROR;
				GCC_WARN_UNDECLARED_SELECTOR = YES;
				GCC_WARN_UNINITIALIZED_AUTOS = YES_AGGRESSIVE;
				GCC_WARN_UNUSED_FUNCTION = YES;
				GCC_WARN_UNUSED_VARIABLE = YES;
				IPHONEOS_DEPLOYMENT_TARGET = 12.2;
				MTL_ENABLE_DEBUG_INFO = NO;
				MTL_FAST_MATH = YES;
				SDKROOT = iphoneos;
				SWIFT_COMPILATION_MODE = wholemodule;
				SWIFT_OPTIMIZATION_LEVEL = "-O";
				VALIDATE_PRODUCT = YES;
			};
			name = "Release Mock";
		};
		52F03D0E22A3C1EE00838BD6 /* Release Mock */ = {
			isa = XCBuildConfiguration;
			buildSettings = {
				ASSETCATALOG_COMPILER_APPICON_NAME = AppIcon;
				CODE_SIGN_STYLE = Automatic;
				DEVELOPMENT_TEAM = 8GL4T9SLZ3;
				INFOPLIST_FILE = FlightApp/Resources/Info.plist;
				LD_RUNPATH_SEARCH_PATHS = (
					"$(inherited)",
					"@executable_path/Frameworks",
				);
				PRODUCT_BUNDLE_IDENTIFIER = com.onthemoon2.FlightApp;
				PRODUCT_NAME = "$(TARGET_NAME)";
				SWIFT_ACTIVE_COMPILATION_CONDITIONS = MOCK;
				SWIFT_VERSION = 5.0;
				TARGETED_DEVICE_FAMILY = "1,2";
			};
			name = "Release Mock";
		};
		52F03D0F22A3C1EE00838BD6 /* Release Mock */ = {
			isa = XCBuildConfiguration;
			buildSettings = {
				ALWAYS_EMBED_SWIFT_STANDARD_LIBRARIES = YES;
				BUNDLE_LOADER = "$(TEST_HOST)";
				CODE_SIGN_STYLE = Automatic;
				DEVELOPMENT_TEAM = 8GL4T9SLZ3;
				INFOPLIST_FILE = FlightAppTests/Info.plist;
				LD_RUNPATH_SEARCH_PATHS = (
					"$(inherited)",
					"@executable_path/Frameworks",
					"@loader_path/Frameworks",
				);
				PRODUCT_BUNDLE_IDENTIFIER = com.onthemoon2.FlightAppTests;
				PRODUCT_NAME = "$(TARGET_NAME)";
				SWIFT_VERSION = 5.0;
				TARGETED_DEVICE_FAMILY = "1,2";
				TEST_HOST = "$(BUILT_PRODUCTS_DIR)/FlightApp.app/FlightApp";
			};
			name = "Release Mock";
		};
/* End XCBuildConfiguration section */

/* Begin XCConfigurationList section */
		52F03C8B22A1A52500838BD6 /* Build configuration list for PBXProject "FlightApp" */ = {
			isa = XCConfigurationList;
			buildConfigurations = (
				52F03CAB22A1A52600838BD6 /* Debug Dev */,
				52F03D0A22A3C1E800838BD6 /* Debug Mock */,
				52F03CAC22A1A52600838BD6 /* Release Dev */,
				52F03D0D22A3C1EE00838BD6 /* Release Mock */,
			);
			defaultConfigurationIsVisible = 0;
			defaultConfigurationName = "Release Dev";
		};
		52F03CAD22A1A52600838BD6 /* Build configuration list for PBXNativeTarget "FlightApp" */ = {
			isa = XCConfigurationList;
			buildConfigurations = (
				52F03CAE22A1A52600838BD6 /* Debug Dev */,
				52F03D0B22A3C1E800838BD6 /* Debug Mock */,
				52F03CAF22A1A52600838BD6 /* Release Dev */,
				52F03D0E22A3C1EE00838BD6 /* Release Mock */,
			);
			defaultConfigurationIsVisible = 0;
			defaultConfigurationName = "Release Dev";
		};
		52F03CB022A1A52600838BD6 /* Build configuration list for PBXNativeTarget "FlightAppTests" */ = {
			isa = XCConfigurationList;
			buildConfigurations = (
				52F03CB122A1A52600838BD6 /* Debug Dev */,
				52F03D0C22A3C1E800838BD6 /* Debug Mock */,
				52F03CB222A1A52600838BD6 /* Release Dev */,
				52F03D0F22A3C1EE00838BD6 /* Release Mock */,
			);
			defaultConfigurationIsVisible = 0;
			defaultConfigurationName = "Release Dev";
		};
/* End XCConfigurationList section */
	};
	rootObject = 52F03C8822A1A52500838BD6 /* Project object */;
}
